
Microsoft Visual Studio Solution File, Format Version 12.00
# Visual Studio 15
VisualStudioVersion = 15.0.27130.2010
MinimumVisualStudioVersion = 10.0.40219.1
Project("{8BC9CEB8-8B4A-11D0-8D11-00A0C91BC942}") = "Winver32", "Winver15.vcxproj", "{CA404ABA-4624-4A01-AC61-7DC8D72DC9A2}"
EndProject
Project("{8BC9CEB8-8B4A-11D0-8D11-00A0C91BC942}") = "WriteVer", "WriteVer\WriteVer15.vcxproj", "{E4746FA4-FC50-4F03-A700-EF654B4C90A3}"
EndProject
Global
	GlobalSection(SolutionConfigurationPlatforms) = preSolution
		Console Debug|ARM = Console Debug|ARM
		Console Debug|ARM64 = Console Debug|ARM64
		Console Debug|Win32 = Console Debug|Win32
		Console Debug|x64 = Console Debug|x64
		Console Release|ARM = Console Release|ARM
		Console Release|ARM64 = Console Release|ARM64
		Console Release|Win32 = Console Release|Win32
		Console Release|x64 = Console Release|x64
		Debug|ARM = Debug|ARM
		Debug|ARM64 = Debug|ARM64
		Debug|Win32 = Debug|Win32
		Debug|x64 = Debug|x64
		Release|ARM = Release|ARM
		Release|ARM64 = Release|ARM64
		Release|Win32 = Release|Win32
		Release|x64 = Release|x64
		Unicode Debug|ARM = Unicode Debug|ARM
		Unicode Debug|ARM64 = Unicode Debug|ARM64
		Unicode Debug|Win32 = Unicode Debug|Win32
		Unicode Debug|x64 = Unicode Debug|x64
		Unicode Release|ARM = Unicode Release|ARM
		Unicode Release|ARM64 = Unicode Release|ARM64
		Unicode Release|Win32 = Unicode Release|Win32
		Unicode Release|x64 = Unicode Release|x64
	EndGlobalSection
	GlobalSection(ProjectConfigurationPlatforms) = postSolution
		{CA404ABA-4624-4A01-AC61-7DC8D72DC9A2}.Console Debug|ARM.ActiveCfg = Console Debug|ARM
		{CA404ABA-4624-4A01-AC61-7DC8D72DC9A2}.Console Debug|ARM.Build.0 = Console Debug|ARM
		{CA404ABA-4624-4A01-AC61-7DC8D72DC9A2}.Console Debug|ARM64.ActiveCfg = Console Debug|ARM64
		{CA404ABA-4624-4A01-AC61-7DC8D72DC9A2}.Console Debug|ARM64.Build.0 = Console Debug|ARM64
		{CA404ABA-4624-4A01-AC61-7DC8D72DC9A2}.Console Debug|ARM64.Deploy.0 = Console Debug|ARM64
		{CA404ABA-4624-4A01-AC61-7DC8D72DC9A2}.Console Debug|Win32.ActiveCfg = Console Debug|Win32
		{CA404ABA-4624-4A01-AC61-7DC8D72DC9A2}.Console Debug|Win32.Build.0 = Console Debug|Win32
		{CA404ABA-4624-4A01-AC61-7DC8D72DC9A2}.Console Debug|x64.ActiveCfg = Console Debug|x64
		{CA404ABA-4624-4A01-AC61-7DC8D72DC9A2}.Console Debug|x64.Build.0 = Console Debug|x64
		{CA404ABA-4624-4A01-AC61-7DC8D72DC9A2}.Console Release|ARM.ActiveCfg = Console Release|ARM
		{CA404ABA-4624-4A01-AC61-7DC8D72DC9A2}.Console Release|ARM.Build.0 = Console Release|ARM
		{CA404ABA-4624-4A01-AC61-7DC8D72DC9A2}.Console Release|ARM64.ActiveCfg = Console Release|ARM64
		{CA404ABA-4624-4A01-AC61-7DC8D72DC9A2}.Console Release|ARM64.Build.0 = Console Release|ARM64
		{CA404ABA-4624-4A01-AC61-7DC8D72DC9A2}.Console Release|Win32.ActiveCfg = Console Release|Win32
		{CA404ABA-4624-4A01-AC61-7DC8D72DC9A2}.Console Release|Win32.Build.0 = Console Release|Win32
		{CA404ABA-4624-4A01-AC61-7DC8D72DC9A2}.Console Release|x64.ActiveCfg = Console Release|x64
		{CA404ABA-4624-4A01-AC61-7DC8D72DC9A2}.Console Release|x64.Build.0 = Console Release|x64
		{CA404ABA-4624-4A01-AC61-7DC8D72DC9A2}.Debug|ARM.ActiveCfg = Debug|ARM
		{CA404ABA-4624-4A01-AC61-7DC8D72DC9A2}.Debug|ARM.Build.0 = Debug|ARM
		{CA404ABA-4624-4A01-AC61-7DC8D72DC9A2}.Debug|ARM64.ActiveCfg = Debug|ARM64
		{CA404ABA-4624-4A01-AC61-7DC8D72DC9A2}.Debug|ARM64.Build.0 = Debug|ARM64
		{CA404ABA-4624-4A01-AC61-7DC8D72DC9A2}.Debug|Win32.ActiveCfg = Debug|Win32
		{CA404ABA-4624-4A01-AC61-7DC8D72DC9A2}.Debug|Win32.Build.0 = Debug|Win32
		{CA404ABA-4624-4A01-AC61-7DC8D72DC9A2}.Debug|Win32.Deploy.0 = Debug|Win32
		{CA404ABA-4624-4A01-AC61-7DC8D72DC9A2}.Debug|x64.ActiveCfg = Debug|x64
		{CA404ABA-4624-4A01-AC61-7DC8D72DC9A2}.Debug|x64.Build.0 = Debug|x64
		{CA404ABA-4624-4A01-AC61-7DC8D72DC9A2}.Release|ARM.ActiveCfg = Release|ARM
		{CA404ABA-4624-4A01-AC61-7DC8D72DC9A2}.Release|ARM.Build.0 = Release|ARM
		{CA404ABA-4624-4A01-AC61-7DC8D72DC9A2}.Release|ARM64.ActiveCfg = Release|ARM64
		{CA404ABA-4624-4A01-AC61-7DC8D72DC9A2}.Release|ARM64.Build.0 = Release|ARM64
		{CA404ABA-4624-4A01-AC61-7DC8D72DC9A2}.Release|Win32.ActiveCfg = Release|Win32
		{CA404ABA-4624-4A01-AC61-7DC8D72DC9A2}.Release|Win32.Build.0 = Release|Win32
		{CA404ABA-4624-4A01-AC61-7DC8D72DC9A2}.Release|x64.ActiveCfg = Release|x64
		{CA404ABA-4624-4A01-AC61-7DC8D72DC9A2}.Release|x64.Build.0 = Release|x64
		{CA404ABA-4624-4A01-AC61-7DC8D72DC9A2}.Unicode Debug|ARM.ActiveCfg = Unicode Debug|ARM
		{CA404ABA-4624-4A01-AC61-7DC8D72DC9A2}.Unicode Debug|ARM.Build.0 = Unicode Debug|ARM
		{CA404ABA-4624-4A01-AC61-7DC8D72DC9A2}.Unicode Debug|ARM64.ActiveCfg = Unicode Debug|ARM64
		{CA404ABA-4624-4A01-AC61-7DC8D72DC9A2}.Unicode Debug|ARM64.Build.0 = Unicode Debug|ARM64
		{CA404ABA-4624-4A01-AC61-7DC8D72DC9A2}.Unicode Debug|Win32.ActiveCfg = Unicode Debug|Win32
		{CA404ABA-4624-4A01-AC61-7DC8D72DC9A2}.Unicode Debug|Win32.Build.0 = Unicode Debug|Win32
		{CA404ABA-4624-4A01-AC61-7DC8D72DC9A2}.Unicode Debug|x64.ActiveCfg = Unicode Debug|x64
		{CA404ABA-4624-4A01-AC61-7DC8D72DC9A2}.Unicode Debug|x64.Build.0 = Unicode Debug|x64
		{CA404ABA-4624-4A01-AC61-7DC8D72DC9A2}.Unicode Release|ARM.ActiveCfg = Unicode Release|ARM
		{CA404ABA-4624-4A01-AC61-7DC8D72DC9A2}.Unicode Release|ARM.Build.0 = Unicode Release|ARM
		{CA404ABA-4624-4A01-AC61-7DC8D72DC9A2}.Unicode Release|ARM64.ActiveCfg = Unicode Release|ARM64
		{CA404ABA-4624-4A01-AC61-7DC8D72DC9A2}.Unicode Release|ARM64.Build.0 = Unicode Release|ARM64
		{CA404ABA-4624-4A01-AC61-7DC8D72DC9A2}.Unicode Release|Win32.ActiveCfg = Unicode Release|Win32
		{CA404ABA-4624-4A01-AC61-7DC8D72DC9A2}.Unicode Release|Win32.Build.0 = Unicode Release|Win32
		{CA404ABA-4624-4A01-AC61-7DC8D72DC9A2}.Unicode Release|x64.ActiveCfg = Unicode Release|x64
		{CA404ABA-4624-4A01-AC61-7DC8D72DC9A2}.Unicode Release|x64.Build.0 = Unicode Release|x64
		{E4746FA4-FC50-4F03-A700-EF654B4C90A3}.Console Debug|ARM.ActiveCfg = Unicode Release|Win32
		{E4746FA4-FC50-4F03-A700-EF654B4C90A3}.Console Debug|ARM.Build.0 = Unicode Release|Win32
		{E4746FA4-FC50-4F03-A700-EF654B4C90A3}.Console Debug|ARM64.ActiveCfg = Unicode Release|Win32
		{E4746FA4-FC50-4F03-A700-EF654B4C90A3}.Console Debug|ARM64.Build.0 = Unicode Release|Win32
		{E4746FA4-FC50-4F03-A700-EF654B4C90A3}.Console Debug|Win32.ActiveCfg = Debug|Win32
		{E4746FA4-FC50-4F03-A700-EF654B4C90A3}.Console Debug|Win32.Build.0 = Debug|Win32
		{E4746FA4-FC50-4F03-A700-EF654B4C90A3}.Console Debug|x64.ActiveCfg = Unicode Release|Win32
		{E4746FA4-FC50-4F03-A700-EF654B4C90A3}.Console Debug|x64.Build.0 = Unicode Release|Win32
		{E4746FA4-FC50-4F03-A700-EF654B4C90A3}.Console Release|ARM.ActiveCfg = Unicode Release|Win32
		{E4746FA4-FC50-4F03-A700-EF654B4C90A3}.Console Release|ARM.Build.0 = Unicode Release|Win32
		{E4746FA4-FC50-4F03-A700-EF654B4C90A3}.Console Release|ARM64.ActiveCfg = Unicode Release|Win32
		{E4746FA4-FC50-4F03-A700-EF654B4C90A3}.Console Release|ARM64.Build.0 = Unicode Release|Win32
		{E4746FA4-FC50-4F03-A700-EF654B4C90A3}.Console Release|Win32.ActiveCfg = Release|Win32
		{E4746FA4-FC50-4F03-A700-EF654B4C90A3}.Console Release|Win32.Build.0 = Release|Win32
		{E4746FA4-FC50-4F03-A700-EF654B4C90A3}.Console Release|x64.ActiveCfg = Unicode Release|Win32
		{E4746FA4-FC50-4F03-A700-EF654B4C90A3}.Console Release|x64.Build.0 = Unicode Release|Win32
		{E4746FA4-FC50-4F03-A700-EF654B4C90A3}.Debug|ARM.ActiveCfg = Debug|Win32
		{E4746FA4-FC50-4F03-A700-EF654B4C90A3}.Debug|ARM64.ActiveCfg = Debug|Win32
		{E4746FA4-FC50-4F03-A700-EF654B4C90A3}.Debug|Win32.ActiveCfg = Debug|Win32
		{E4746FA4-FC50-4F03-A700-EF654B4C90A3}.Debug|Win32.Build.0 = Debug|Win32
		{E4746FA4-FC50-4F03-A700-EF654B4C90A3}.Debug|x64.ActiveCfg = Debug|Win32
		{E4746FA4-FC50-4F03-A700-EF654B4C90A3}.Release|ARM.ActiveCfg = Release|Win32
		{E4746FA4-FC50-4F03-A700-EF654B4C90A3}.Release|ARM64.ActiveCfg = Release|Win32
		{E4746FA4-FC50-4F03-A700-EF654B4C90A3}.Release|Win32.ActiveCfg = Release|Win32
		{E4746FA4-FC50-4F03-A700-EF654B4C90A3}.Release|Win32.Build.0 = Release|Win32
		{E4746FA4-FC50-4F03-A700-EF654B4C90A3}.Release|x64.ActiveCfg = Release|Win32
		{E4746FA4-FC50-4F03-A700-EF654B4C90A3}.Unicode Debug|ARM.ActiveCfg = Unicode Debug|Win32
		{E4746FA4-FC50-4F03-A700-EF654B4C90A3}.Unicode Debug|ARM64.ActiveCfg = Unicode Debug|Win32
		{E4746FA4-FC50-4F03-A700-EF654B4C90A3}.Unicode Debug|Win32.ActiveCfg = Unicode Debug|Win32
		{E4746FA4-FC50-4F03-A700-EF654B4C90A3}.Unicode Debug|Win32.Build.0 = Unicode Debug|Win32
		{E4746FA4-FC50-4F03-A700-EF654B4C90A3}.Unicode Debug|x64.ActiveCfg = Unicode Debug|Win32
		{E4746FA4-FC50-4F03-A700-EF654B4C90A3}.Unicode Release|ARM.ActiveCfg = Unicode Release|Win32
		{E4746FA4-FC50-4F03-A700-EF654B4C90A3}.Unicode Release|ARM64.ActiveCfg = Unicode Release|Win32
		{E4746FA4-FC50-4F03-A700-EF654B4C90A3}.Unicode Release|Win32.ActiveCfg = Unicode Release|Win32
		{E4746FA4-FC50-4F03-A700-EF654B4C90A3}.Unicode Release|Win32.Build.0 = Unicode Release|Win32
		{E4746FA4-FC50-4F03-A700-EF654B4C90A3}.Unicode Release|x64.ActiveCfg = Unicode Release|Win32
	EndGlobalSection
	GlobalSection(SolutionProperties) = preSolution
		HideSolutionNode = FALSE
	EndGlobalSection
	GlobalSection(ExtensibilityGlobals) = postSolution
		SolutionGuid = {55C2BAE8-DD79-4716-BCC7-0ED050E85EFC}
	EndGlobalSection
	GlobalSection(SourceCodeControl) = preSolution
		SccNumberOfProjects = 2
		SccProjectUniqueName0 = Winver15.vcxproj
		SccProjectName0 = \u0022$/My\u0020Code/DTWINVER\u0022,\u0020ATBAAAAA
		SccLocalPath0 = .
		SccProvider0 = MSSCCI:Microsoft\u0020Visual\u0020SourceSafe
		SccProjectUniqueName1 = WriteVer\\WriteVer15.vcxproj
		SccProjectName1 = \u0022$/My\u0020Code/DTWINVER\u0022,\u0020ATBAAAAA
		SccLocalPath1 = .
		SccProvider1 = MSSCCI:Microsoft\u0020Visual\u0020SourceSafe
		SccProjectFilePathRelativizedFromConnection1 = WriteVer\\
	EndGlobalSection
EndGlobal
